# THIS IS AN AUTOGENERATED FILE. DO NOT EDIT THIS FILE DIRECTLY.
# yarn lockfile v1


"@now/node@^1.6.1":
  version "1.6.1"
  resolved "https://registry.yarnpkg.com/@now/node/-/node-1.6.1.tgz#d478bfbc98af05d3eae7b5b01b26d1a1c638819b"
  integrity sha512-EdSdOS4HSJRexibxIbrKCLZZ1sc0+oaD0P7kvhf26CbXSNlrZP0Iycpb+fbO4Qc2EcmGR2am90DhoX548B5a7g==
  dependencies:
    "@types/node" "*"

"@types/node@*", "@types/node@^14.0.3":
  version "14.0.3"
  resolved "https://registry.yarnpkg.com/@types/node/-/node-14.0.3.tgz#57bcb277f753a3dabfa56cea0a93288aae82143c"
  integrity sha512-a8TR2N5VEJCL9HEJrAfwv3UI1bZq50HydowDDVV6pfnY7ZwG5Pjii+nSDhrDtGW3XKMoVKOgG8zS/Kv5j399uA==

fp-ts@^2.6.1:
  version "2.6.1"
  resolved "https://registry.yarnpkg.com/fp-ts/-/fp-ts-2.6.1.tgz#f2505a4b44a77a344a1e451c667383e42f3728de"
  integrity sha512-ZYOgqEOvUuO59rvItjf1OniEG4k/ClY3rd+AiuRYbl3skY4X/s7Oig25/wvORjycjeOjjr5OO+VcpprLQQOpIQ==

io-ts@^2.2.2:
  version "2.2.2"
  resolved "https://registry.yarnpkg.com/io-ts/-/io-ts-2.2.2.tgz#82b9ef96d95a3fb27a1abf5f29f59b07cc9b8cca"
  integrity sha512-cXXIL4CR5/sWfKw/Ssc/cbZJGG13J4pJv9/RN6SlWJyh+foAPEUE0I9sWTX1kG24dvhiCM9fpO4F+2AsP+WzaQ==
